
Microsoft Visual Studio Solution File, Format Version 12.00
# Visual Studio Version 16
VisualStudioVersion = 16.0.30611.23
MinimumVisualStudioVersion = 10.0.40219.1
Project("{FAE04EC0-301F-11D3-BF4B-00C04F79EFBC}") = "youFastCSV", "youFastCSV.csproj", "{AD636603-14D1-401A-AB5D-B1780EC972BE}"
EndProject
Global
	GlobalSection(SolutionConfigurationPlatforms) = preSolution
		Debug|Any CPU = Debug|Any CPU
		Release|Any CPU = Release|Any CPU
	EndGlobalSection
	GlobalSection(ProjectConfigurationPlatforms) = postSolution
		{AD636603-14D1-401A-AB5D-B1780EC972BE}.Debug|Any CPU.ActiveCfg = Debug|Any CPU
		{AD636603-14D1-401A-AB5D-B1780EC972BE}.Debug|Any CPU.Build.0 = Debug|Any CPU
		{AD636603-14D1-401A-AB5D-B1780EC972BE}.Release|Any CPU.ActiveCfg = Release|Any CPU
		{AD636603-14D1-401A-AB5D-B1780EC972BE}.Release|Any CPU.Build.0 = Release|Any CPU
	EndGlobalSection
	GlobalSection(SolutionProperties) = preSolution
		HideSolutionNode = FALSE
	EndGlobalSection
	GlobalSection(ExtensibilityGlobals) = postSolution
		SolutionGuid = {BA4A33A5-9F75-4723-964C-87770AC310B8}
	EndGlobalSection
EndGlobal
